
Microsoft Visual Studio Solution File, Format Version 12.00
# Visual Studio Version 17
VisualStudioVersion = 17.0.31903.59
MinimumVisualStudioVersion = 10.0.40219.1
Project("{9A19103F-16F7-4668-BE54-9A1E7A4F7556}") = "assetsUpdater", "assetsUpdater\assetsUpdater.csproj", "{1EDB2DD7-5CBA-44BF-9FE1-ED41B962B6E4}"
EndProject
Project("{9A19103F-16F7-4668-BE54-9A1E7A4F7556}") = "AssertsUpdaterTests", "AssertsUpdaterTests\AssertsUpdaterTests.csproj", "{96A36D10-24B8-46BF-A9F5-656E6CA7D604}"
EndProject
Project("{9A19103F-16F7-4668-BE54-9A1E7A4F7556}") = "assetsUpdater.Tencent", "assetsUpdater.Tencent\assetsUpdater.Tencent.csproj", "{D83FD6E0-B2DD-495B-A3E1-84ABC8C714AD}"
EndProject
Project("{9A19103F-16F7-4668-BE54-9A1E7A4F7556}") = "assetsUpdaterExample", "assetsUpdaterExample\assetsUpdaterExample.csproj", "{FC0D7108-00F9-4D29-A5FA-CC0A4A73990E}"
EndProject
Project("{9A19103F-16F7-4668-BE54-9A1E7A4F7556}") = "assetsUpdater.UI.WinForms", "assetsUpdater.UI.WinForms\assetsUpdater.UI.WinForms.csproj", "{C13AB294-84D7-4981-898F-85CDA0D407D3}"
EndProject
Project("{9A19103F-16F7-4668-BE54-9A1E7A4F7556}") = "assetsUpdater.SimpleSelfUpdate", "assetsUpdater.SimpleSelfUpdate\assetsUpdater.SimpleSelfUpdate.csproj", "{4BCE8B2D-33CE-4F57-88E1-3BEE1E485F72}"
EndProject
Project("{2150E333-8FDC-42A3-9474-1A3956D46DE8}") = "Solution Items", "Solution Items", "{1520ADAF-D835-4913-B7DC-968052C1FC9A}"
	ProjectSection(SolutionItems) = preProject
		.editorconfig = .editorconfig
	EndProjectSection
EndProject
Global
	GlobalSection(SolutionConfigurationPlatforms) = preSolution
		Debug|Any CPU = Debug|Any CPU
		Release|Any CPU = Release|Any CPU
	EndGlobalSection
	GlobalSection(ProjectConfigurationPlatforms) = postSolution
		{1EDB2DD7-5CBA-44BF-9FE1-ED41B962B6E4}.Debug|Any CPU.ActiveCfg = Debug|Any CPU
		{1EDB2DD7-5CBA-44BF-9FE1-ED41B962B6E4}.Debug|Any CPU.Build.0 = Debug|Any CPU
		{1EDB2DD7-5CBA-44BF-9FE1-ED41B962B6E4}.Release|Any CPU.ActiveCfg = Release|Any CPU
		{1EDB2DD7-5CBA-44BF-9FE1-ED41B962B6E4}.Release|Any CPU.Build.0 = Release|Any CPU
		{96A36D10-24B8-46BF-A9F5-656E6CA7D604}.Debug|Any CPU.ActiveCfg = Debug|Any CPU
		{96A36D10-24B8-46BF-A9F5-656E6CA7D604}.Debug|Any CPU.Build.0 = Debug|Any CPU
		{96A36D10-24B8-46BF-A9F5-656E6CA7D604}.Release|Any CPU.ActiveCfg = Release|Any CPU
		{96A36D10-24B8-46BF-A9F5-656E6CA7D604}.Release|Any CPU.Build.0 = Release|Any CPU
		{D83FD6E0-B2DD-495B-A3E1-84ABC8C714AD}.Debug|Any CPU.ActiveCfg = Debug|Any CPU
		{D83FD6E0-B2DD-495B-A3E1-84ABC8C714AD}.Debug|Any CPU.Build.0 = Debug|Any CPU
		{D83FD6E0-B2DD-495B-A3E1-84ABC8C714AD}.Release|Any CPU.ActiveCfg = Release|Any CPU
		{D83FD6E0-B2DD-495B-A3E1-84ABC8C714AD}.Release|Any CPU.Build.0 = Release|Any CPU
		{FC0D7108-00F9-4D29-A5FA-CC0A4A73990E}.Debug|Any CPU.ActiveCfg = Debug|Any CPU
		{FC0D7108-00F9-4D29-A5FA-CC0A4A73990E}.Debug|Any CPU.Build.0 = Debug|Any CPU
		{FC0D7108-00F9-4D29-A5FA-CC0A4A73990E}.Release|Any CPU.ActiveCfg = Release|Any CPU
		{FC0D7108-00F9-4D29-A5FA-CC0A4A73990E}.Release|Any CPU.Build.0 = Release|Any CPU
		{C13AB294-84D7-4981-898F-85CDA0D407D3}.Debug|Any CPU.ActiveCfg = Debug|Any CPU
		{C13AB294-84D7-4981-898F-85CDA0D407D3}.Debug|Any CPU.Build.0 = Debug|Any CPU
		{C13AB294-84D7-4981-898F-85CDA0D407D3}.Release|Any CPU.ActiveCfg = Release|Any CPU
		{C13AB294-84D7-4981-898F-85CDA0D407D3}.Release|Any CPU.Build.0 = Release|Any CPU
		{4BCE8B2D-33CE-4F57-88E1-3BEE1E485F72}.Debug|Any CPU.ActiveCfg = Debug|Any CPU
		{4BCE8B2D-33CE-4F57-88E1-3BEE1E485F72}.Debug|Any CPU.Build.0 = Debug|Any CPU
		{4BCE8B2D-33CE-4F57-88E1-3BEE1E485F72}.Release|Any CPU.ActiveCfg = Release|Any CPU
		{4BCE8B2D-33CE-4F57-88E1-3BEE1E485F72}.Release|Any CPU.Build.0 = Release|Any CPU
	EndGlobalSection
	GlobalSection(SolutionProperties) = preSolution
		HideSolutionNode = FALSE
	EndGlobalSection
	GlobalSection(ExtensibilityGlobals) = postSolution
		SolutionGuid = {546D576D-C32F-40D0-82E5-BA617FD24F39}
	EndGlobalSection
EndGlobal
